// !$*UTF8*$!
{
	archiveVersion = 1;
	classes = {
	};
	objectVersion = 48;
	objects = {

/* Begin PBXBuildFile section */
		2A9568A3B757B47FDFB7CC7F /* Pods_calenderUITests.framework in Frameworks */ = {isa = PBXBuildFile; fileRef = 127387C7514F1ACEB8FC52F8 /* Pods_calenderUITests.framework */; };
		432CECF4210FF8FF004C17D7 /* GoogleService-Info-6.plist in Resources */ = {isa = PBXBuildFile; fileRef = 432CECF3210FF8FF004C17D7 /* GoogleService-Info-6.plist */; };
		432CECFC2110090D004C17D7 /* login.swift in Sources */ = {isa = PBXBuildFile; fileRef = 432CECFB2110090D004C17D7 /* login.swift */; };
		432CED6A2110A8CD004C17D7 /* Pods_calenderUITests.framework in Frameworks */ = {isa = PBXBuildFile; fileRef = 432CED692110A8CD004C17D7 /* Pods_calenderUITests.framework */; };
		432CED6C2110A8D5004C17D7 /* Pods_calenderTests.framework in Frameworks */ = {isa = PBXBuildFile; fileRef = 432CED6B2110A8D5004C17D7 /* Pods_calenderTests.framework */; };
		432CED6E2110A8E7004C17D7 /* FirebaseAuth.framework in Frameworks */ = {isa = PBXBuildFile; fileRef = 432CED6D2110A8E7004C17D7 /* FirebaseAuth.framework */; };
		432CED9A21115924004C17D7 /* new file.swift in Sources */ = {isa = PBXBuildFile; fileRef = 432CED9921115924004C17D7 /* new file.swift */; };
		9008A6091FFCEA4700B135BE /* HeaderTableViewCell.swift in Sources */ = {isa = PBXBuildFile; fileRef = 9008A6081FFCEA4700B135BE /* HeaderTableViewCell.swift */; };
		9008A60B1FFCEECB00B135BE /* EventModel.swift in Sources */ = {isa = PBXBuildFile; fileRef = 9008A60A1FFCEECB00B135BE /* EventModel.swift */; };
		901CDAF81FFBA10A001E5777 /* CalendarTableViewCell.swift in Sources */ = {isa = PBXBuildFile; fileRef = 901CDAF71FFBA10A001E5777 /* CalendarTableViewCell.swift */; };
		901CDAFA1FFBA34D001E5777 /* DateFormatterExtension.swift in Sources */ = {isa = PBXBuildFile; fileRef = 901CDAF91FFBA34D001E5777 /* DateFormatterExtension.swift */; };
		907678071FFB383600DA911F /* AppDelegate.swift in Sources */ = {isa = PBXBuildFile; fileRef = 907678061FFB383600DA911F /* AppDelegate.swift */; };
		907678091FFB383600DA911F /* ViewController.swift in Sources */ = {isa = PBXBuildFile; fileRef = 907678081FFB383600DA911F /* ViewController.swift */; };
		9076780C1FFB383600DA911F /* Main.storyboard in Resources */ = {isa = PBXBuildFile; fileRef = 9076780A1FFB383600DA911F /* Main.storyboard */; };
		9076780E1FFB383600DA911F /* Assets.xcassets in Resources */ = {isa = PBXBuildFile; fileRef = 9076780D1FFB383600DA911F /* Assets.xcassets */; };
		907678111FFB383600DA911F /* LaunchScreen.storyboard in Resources */ = {isa = PBXBuildFile; fileRef = 9076780F1FFB383600DA911F /* LaunchScreen.storyboard */; };
		9076781C1FFB383600DA911F /* calenderTests.swift in Sources */ = {isa = PBXBuildFile; fileRef = 9076781B1FFB383600DA911F /* calenderTests.swift */; };
		907678271FFB383600DA911F /* calenderUITests.swift in Sources */ = {isa = PBXBuildFile; fileRef = 907678261FFB383600DA911F /* calenderUITests.swift */; };
		980ADBB69E78A26A0DABA198 /* Pods_calenderTests.framework in Frameworks */ = {isa = PBXBuildFile; fileRef = 86EC96A16D5D201CFC7BF55B /* Pods_calenderTests.framework */; };
		FDD2B1A35664EE7A1D8D7704 /* Pods_calender.framework in Frameworks */ = {isa = PBXBuildFile; fileRef = 1D3593C1B2AE1F1532B5CF89 /* Pods_calender.framework */; };
/* End PBXBuildFile section */

/* Begin PBXContainerItemProxy section */
		907678181FFB383600DA911F /* PBXContainerItemProxy */ = {
			isa = PBXContainerItemProxy;
			containerPortal = 907677FB1FFB383600DA911F /* Project object */;
			proxyType = 1;
			remoteGlobalIDString = 907678021FFB383600DA911F;
			remoteInfo = calender;
		};
		907678231FFB383600DA911F /* PBXContainerItemProxy */ = {
			isa = PBXContainerItemProxy;
			containerPortal = 907677FB1FFB383600DA911F /* Project object */;
			proxyType = 1;
			remoteGlobalIDString = 907678021FFB383600DA911F;
			remoteInfo = calender;
		};
/* End PBXContainerItemProxy section */

/* Begin PBXFileReference section */
		127387C7514F1ACEB8FC52F8 /* Pods_calenderUITests.framework */ = {isa = PBXFileReference; explicitFileType = wrapper.framework; includeInIndex = 0; path = Pods_calenderUITests.framework; sourceTree = BUILT_PRODUCTS_DIR; };
		1D3593C1B2AE1F1532B5CF89 /* Pods_calender.framework */ = {isa = PBXFileReference; explicitFileType = wrapper.framework; includeInIndex = 0; path = Pods_calender.framework; sourceTree = BUILT_PRODUCTS_DIR; };
		2CA26D2A961ECBBB4A79E7BD /* Pods-calenderTests.release.xcconfig */ = {isa = PBXFileReference; includeInIndex = 1; lastKnownFileType = text.xcconfig; name = "Pods-calenderTests.release.xcconfig"; path = "Pods/Target Support Files/Pods-calenderTests/Pods-calenderTests.release.xcconfig"; sourceTree = "<group>"; };
		432CECF3210FF8FF004C17D7 /* GoogleService-Info-6.plist */ = {isa = PBXFileReference; fileEncoding = 4; lastKnownFileType = text.plist.xml; path = "GoogleService-Info-6.plist"; sourceTree = "<group>"; };
		432CECFB2110090D004C17D7 /* login.swift */ = {isa = PBXFileReference; lastKnownFileType = sourcecode.swift; path = login.swift; sourceTree = "<group>"; };
		432CED692110A8CD004C17D7 /* Pods_calenderUITests.framework */ = {isa = PBXFileReference; explicitFileType = wrapper.framework; path = Pods_calenderUITests.framework; sourceTree = BUILT_PRODUCTS_DIR; };
		432CED6B2110A8D5004C17D7 /* Pods_calenderTests.framework */ = {isa = PBXFileReference; explicitFileType = wrapper.framework; path = Pods_calenderTests.framework; sourceTree = BUILT_PRODUCTS_DIR; };
		432CED6D2110A8E7004C17D7 /* FirebaseAuth.framework */ = {isa = PBXFileReference; explicitFileType = wrapper.framework; path = FirebaseAuth.framework; sourceTree = BUILT_PRODUCTS_DIR; };
		432CED9921115924004C17D7 /* new file.swift */ = {isa = PBXFileReference; lastKnownFileType = sourcecode.swift; path = "new file.swift"; sourceTree = "<group>"; };
		6DC9A05D12F73599D8B6DF31 /* Pods-calenderTests.debug.xcconfig */ = {isa = PBXFileReference; includeInIndex = 1; lastKnownFileType = text.xcconfig; name = "Pods-calenderTests.debug.xcconfig"; path = "Pods/Target Support Files/Pods-calenderTests/Pods-calenderTests.debug.xcconfig"; sourceTree = "<group>"; };
		86EC96A16D5D201CFC7BF55B /* Pods_calenderTests.framework */ = {isa = PBXFileReference; explicitFileType = wrapper.framework; includeInIndex = 0; path = Pods_calenderTests.framework; sourceTree = BUILT_PRODUCTS_DIR; };
		9008A6081FFCEA4700B135BE /* HeaderTableViewCell.swift */ = {isa = PBXFileReference; lastKnownFileType = sourcecode.swift; path = HeaderTableViewCell.swift; sourceTree = "<group>"; };
		9008A60A1FFCEECB00B135BE /* EventModel.swift */ = {isa = PBXFileReference; lastKnownFileType = sourcecode.swift; path = EventModel.swift; sourceTree = "<group>"; };
		901CDAF41FFB3BA2001E5777 /* calender-Bridging-Header.h */ = {isa = PBXFileReference; lastKnownFileType = sourcecode.c.h; path = "calender-Bridging-Header.h"; sourceTree = "<group>"; };
		901CDAF71FFBA10A001E5777 /* CalendarTableViewCell.swift */ = {isa = PBXFileReference; lastKnownFileType = sourcecode.swift; path = CalendarTableViewCell.swift; sourceTree = "<group>"; };
		901CDAF91FFBA34D001E5777 /* DateFormatterExtension.swift */ = {isa = PBXFileReference; lastKnownFileType = sourcecode.swift; path = DateFormatterExtension.swift; sourceTree = "<group>"; };
		907678031FFB383600DA911F /* calender.app */ = {isa = PBXFileReference; explicitFileType = wrapper.application; includeInIndex = 0; path = calender.app; sourceTree = BUILT_PRODUCTS_DIR; };
		907678061FFB383600DA911F /* AppDelegate.swift */ = {isa = PBXFileReference; lastKnownFileType = sourcecode.swift; path = AppDelegate.swift; sourceTree = "<group>"; };
		907678081FFB383600DA911F /* ViewController.swift */ = {isa = PBXFileReference; lastKnownFileType = sourcecode.swift; path = ViewController.swift; sourceTree = "<group>"; };
		9076780B1FFB383600DA911F /* Base */ = {isa = PBXFileReference; lastKnownFileType = file.storyboard; name = Base; path = Base.lproj/Main.storyboard; sourceTree = "<group>"; };
		9076780D1FFB383600DA911F /* Assets.xcassets */ = {isa = PBXFileReference; lastKnownFileType = folder.assetcatalog; path = Assets.xcassets; sourceTree = "<group>"; };
		907678101FFB383600DA911F /* Base */ = {isa = PBXFileReference; lastKnownFileType = file.storyboard; name = Base; path = Base.lproj/LaunchScreen.storyboard; sourceTree = "<group>"; };
		907678121FFB383600DA911F /* Info.plist */ = {isa = PBXFileReference; lastKnownFileType = text.plist.xml; path = Info.plist; sourceTree = "<group>"; };
		907678171FFB383600DA911F /* calenderTests.xctest */ = {isa = PBXFileReference; explicitFileType = wrapper.cfbundle; includeInIndex = 0; path = calenderTests.xctest; sourceTree = BUILT_PRODUCTS_DIR; };
		9076781B1FFB383600DA911F /* calenderTests.swift */ = {isa = PBXFileReference; lastKnownFileType = sourcecode.swift; path = calenderTests.swift; sourceTree = "<group>"; };
		9076781D1FFB383600DA911F /* Info.plist */ = {isa = PBXFileReference; lastKnownFileType = text.plist.xml; path = Info.plist; sourceTree = "<group>"; };
		907678221FFB383600DA911F /* calenderUITests.xctest */ = {isa = PBXFileReference; explicitFileType = wrapper.cfbundle; includeInIndex = 0; path = calenderUITests.xctest; sourceTree = BUILT_PRODUCTS_DIR; };
		907678261FFB383600DA911F /* calenderUITests.swift */ = {isa = PBXFileReference; lastKnownFileType = sourcecode.swift; path = calenderUITests.swift; sourceTree = "<group>"; };
		907678281FFB383600DA911F /* Info.plist */ = {isa = PBXFileReference; lastKnownFileType = text.plist.xml; path = Info.plist; sourceTree = "<group>"; };
		9203A6A8DD24F23108992D44 /* Pods-calenderUITests.release.xcconfig */ = {isa = PBXFileReference; includeInIndex = 1; lastKnownFileType = text.xcconfig; name = "Pods-calenderUITests.release.xcconfig"; path = "Pods/Target Support Files/Pods-calenderUITests/Pods-calenderUITests.release.xcconfig"; sourceTree = "<group>"; };
		CF702770175E607740F6867E /* Pods-calender.debug.xcconfig */ = {isa = PBXFileReference; includeInIndex = 1; lastKnownFileType = text.xcconfig; name = "Pods-calender.debug.xcconfig"; path = "Pods/Target Support Files/Pods-calender/Pods-calender.debug.xcconfig"; sourceTree = "<group>"; };
		D43B13C2849EBB75BA0EFF08 /* Pods-calender.release.xcconfig */ = {isa = PBXFileReference; includeInIndex = 1; lastKnownFileType = text.xcconfig; name = "Pods-calender.release.xcconfig"; path = "Pods/Target Support Files/Pods-calender/Pods-calender.release.xcconfig"; sourceTree = "<group>"; };
		E41DA6E82097670653F05EE0 /* Pods-calenderUITests.debug.xcconfig */ = {isa = PBXFileReference; includeInIndex = 1; lastKnownFileType = text.xcconfig; name = "Pods-calenderUITests.debug.xcconfig"; path = "Pods/Target Support Files/Pods-calenderUITests/Pods-calenderUITests.debug.xcconfig"; sourceTree = "<group>"; };
/* End PBXFileReference section */

/* Begin PBXFrameworksBuildPhase section */
		907678001FFB383600DA911F /* Frameworks */ = {
			isa = PBXFrameworksBuildPhase;
			buildActionMask = 2147483647;
			files = (
				432CED6E2110A8E7004C17D7 /* FirebaseAuth.framework in Frameworks */,
				432CED6C2110A8D5004C17D7 /* Pods_calenderTests.framework in Frameworks */,
				432CED6A2110A8CD004C17D7 /* Pods_calenderUITests.framework in Frameworks */,
				FDD2B1A35664EE7A1D8D7704 /* Pods_calender.framework in Frameworks */,
			);
			runOnlyForDeploymentPostprocessing = 0;
		};
		907678141FFB383600DA911F /* Frameworks */ = {
			isa = PBXFrameworksBuildPhase;
			buildActionMask = 2147483647;
			files = (
				980ADBB69E78A26A0DABA198 /* Pods_calenderTests.framework in Frameworks */,
			);
			runOnlyForDeploymentPostprocessing = 0;
		};
		9076781F1FFB383600DA911F /* Frameworks */ = {
			isa = PBXFrameworksBuildPhase;
			buildActionMask = 2147483647;
			files = (
				2A9568A3B757B47FDFB7CC7F /* Pods_calenderUITests.framework in Frameworks */,
			);
			runOnlyForDeploymentPostprocessing = 0;
		};
/* End PBXFrameworksBuildPhase section */

/* Begin PBXGroup section */
		2FC27DFF3A520D1626D1443C /* Pods */ = {
			isa = PBXGroup;
			children = (
				CF702770175E607740F6867E /* Pods-calender.debug.xcconfig */,
				D43B13C2849EBB75BA0EFF08 /* Pods-calender.release.xcconfig */,
				6DC9A05D12F73599D8B6DF31 /* Pods-calenderTests.debug.xcconfig */,
				2CA26D2A961ECBBB4A79E7BD /* Pods-calenderTests.release.xcconfig */,
				E41DA6E82097670653F05EE0 /* Pods-calenderUITests.debug.xcconfig */,
				9203A6A8DD24F23108992D44 /* Pods-calenderUITests.release.xcconfig */,
			);
			name = Pods;
			sourceTree = "<group>";
		};
		907677FA1FFB383600DA911F = {
			isa = PBXGroup;
			children = (
				907678051FFB383600DA911F /* calender */,
				9076781A1FFB383600DA911F /* calenderTests */,
				907678251FFB383600DA911F /* calenderUITests */,
				907678041FFB383600DA911F /* Products */,
				2FC27DFF3A520D1626D1443C /* Pods */,
				DA39BFAE68FF7D351CF972DA /* Frameworks */,
			);
			sourceTree = "<group>";
		};
		907678041FFB383600DA911F /* Products */ = {
			isa = PBXGroup;
			children = (
				907678031FFB383600DA911F /* calender.app */,
				907678171FFB383600DA911F /* calenderTests.xctest */,
				907678221FFB383600DA911F /* calenderUITests.xctest */,
			);
			name = Products;
			sourceTree = "<group>";
		};
		907678051FFB383600DA911F /* calender */ = {
			isa = PBXGroup;
			children = (
				907678061FFB383600DA911F /* AppDelegate.swift */,
				907678081FFB383600DA911F /* ViewController.swift */,
				432CED9921115924004C17D7 /* new file.swift */,
				901CDAF71FFBA10A001E5777 /* CalendarTableViewCell.swift */,
				901CDAF91FFBA34D001E5777 /* DateFormatterExtension.swift */,
				9008A6081FFCEA4700B135BE /* HeaderTableViewCell.swift */,
				9008A60A1FFCEECB00B135BE /* EventModel.swift */,
				432CECFB2110090D004C17D7 /* login.swift */,
				9076780A1FFB383600DA911F /* Main.storyboard */,
				9076780D1FFB383600DA911F /* Assets.xcassets */,
				9076780F1FFB383600DA911F /* LaunchScreen.storyboard */,
				907678121FFB383600DA911F /* Info.plist */,
				432CECF3210FF8FF004C17D7 /* GoogleService-Info-6.plist */,
				901CDAF41FFB3BA2001E5777 /* calender-Bridging-Header.h */,
			);
			path = calender;
			sourceTree = "<group>";
		};
		9076781A1FFB383600DA911F /* calenderTests */ = {
			isa = PBXGroup;
			children = (
				9076781B1FFB383600DA911F /* calenderTests.swift */,
				9076781D1FFB383600DA911F /* Info.plist */,
			);
			path = calenderTests;
			sourceTree = "<group>";
		};
		907678251FFB383600DA911F /* calenderUITests */ = {
			isa = PBXGroup;
			children = (
				907678261FFB383600DA911F /* calenderUITests.swift */,
				907678281FFB383600DA911F /* Info.plist */,
			);
			path = calenderUITests;
			sourceTree = "<group>";
		};
		DA39BFAE68FF7D351CF972DA /* Frameworks */ = {
			isa = PBXGroup;
			children = (
				432CED6D2110A8E7004C17D7 /* FirebaseAuth.framework */,
				432CED6B2110A8D5004C17D7 /* Pods_calenderTests.framework */,
				432CED692110A8CD004C17D7 /* Pods_calenderUITests.framework */,
				1D3593C1B2AE1F1532B5CF89 /* Pods_calender.framework */,
				86EC96A16D5D201CFC7BF55B /* Pods_calenderTests.framework */,
				127387C7514F1ACEB8FC52F8 /* Pods_calenderUITests.framework */,
			);
			name = Frameworks;
			sourceTree = "<group>";
		};
/* End PBXGroup section */

/* Begin PBXNativeTarget section */
		907678021FFB383600DA911F /* calender */ = {
			isa = PBXNativeTarget;
			buildConfigurationList = 9076782B1FFB383600DA911F /* Build configuration list for PBXNativeTarget "calender" */;
			buildPhases = (
				06944C4F7174348FB98B24CD /* [CP] Check Pods Manifest.lock */,
				907677FF1FFB383600DA911F /* Sources */,
				907678001FFB383600DA911F /* Frameworks */,
				907678011FFB383600DA911F /* Resources */,
				160B4603B61FB08A7B1FC6F0 /* [CP] Embed Pods Frameworks */,
			);
			buildRules = (
			);
			dependencies = (
			);
			name = calender;
			productName = calender;
			productReference = 907678031FFB383600DA911F /* calender.app */;
			productType = "com.apple.product-type.application";
		};
		907678161FFB383600DA911F /* calenderTests */ = {
			isa = PBXNativeTarget;
			buildConfigurationList = 9076782E1FFB383600DA911F /* Build configuration list for PBXNativeTarget "calenderTests" */;
			buildPhases = (
				F4E4C24177B71664E3CC49D9 /* [CP] Check Pods Manifest.lock */,
				907678131FFB383600DA911F /* Sources */,
				907678141FFB383600DA911F /* Frameworks */,
				907678151FFB383600DA911F /* Resources */,
			);
			buildRules = (
			);
			dependencies = (
				907678191FFB383600DA911F /* PBXTargetDependency */,
			);
			name = calenderTests;
			productName = calenderTests;
			productReference = 907678171FFB383600DA911F /* calenderTests.xctest */;
			productType = "com.apple.product-type.bundle.unit-test";
		};
		907678211FFB383600DA911F /* calenderUITests */ = {
			isa = PBXNativeTarget;
			buildConfigurationList = 907678311FFB383600DA911F /* Build configuration list for PBXNativeTarget "calenderUITests" */;
			buildPhases = (
				AF0606946EA2B3D7456F3C8E /* [CP] Check Pods Manifest.lock */,
				9076781E1FFB383600DA911F /* Sources */,
				9076781F1FFB383600DA911F /* Frameworks */,
				907678201FFB383600DA911F /* Resources */,
			);
			buildRules = (
			);
			dependencies = (
				907678241FFB383600DA911F /* PBXTargetDependency */,
			);
			name = calenderUITests;
			productName = calenderUITests;
			productReference = 907678221FFB383600DA911F /* calenderUITests.xctest */;
			productType = "com.apple.product-type.bundle.ui-testing";
		};
/* End PBXNativeTarget section */

/* Begin PBXProject section */
		907677FB1FFB383600DA911F /* Project object */ = {
			isa = PBXProject;
			attributes = {
				LastSwiftUpdateCheck = 0920;
				LastUpgradeCheck = 0920;
				ORGANIZATIONNAME = ccr;
				TargetAttributes = {
					907678021FFB383600DA911F = {
						CreatedOnToolsVersion = 9.2;
						LastSwiftMigration = 0920;
						ProvisioningStyle = Automatic;
					};
					907678161FFB383600DA911F = {
						CreatedOnToolsVersion = 9.2;
						ProvisioningStyle = Automatic;
						TestTargetID = 907678021FFB383600DA911F;
					};
					907678211FFB383600DA911F = {
						CreatedOnToolsVersion = 9.2;
						ProvisioningStyle = Automatic;
						TestTargetID = 907678021FFB383600DA911F;
					};
				};
			};
			buildConfigurationList = 907677FE1FFB383600DA911F /* Build configuration list for PBXProject "calender" */;
			compatibilityVersion = "Xcode 8.0";
			developmentRegion = en;
			hasScannedForEncodings = 0;
			knownRegions = (
				en,
				Base,
			);
			mainGroup = 907677FA1FFB383600DA911F;
			productRefGroup = 907678041FFB383600DA911F /* Products */;
			projectDirPath = "";
			projectRoot = "";
			targets = (
				907678021FFB383600DA911F /* calender */,
				907678161FFB383600DA911F /* calenderTests */,
				907678211FFB383600DA911F /* calenderUITests */,
			);
		};
/* End PBXProject section */

/* Begin PBXResourcesBuildPhase section */
		907678011FFB383600DA911F /* Resources */ = {
			isa = PBXResourcesBuildPhase;
			buildActionMask = 2147483647;
			files = (
				907678111FFB383600DA911F /* LaunchScreen.storyboard in Resources */,
				9076780E1FFB383600DA911F /* Assets.xcassets in Resources */,
				432CECF4210FF8FF004C17D7 /* GoogleService-Info-6.plist in Resources */,
				9076780C1FFB383600DA911F /* Main.storyboard in Resources */,
			);
			runOnlyForDeploymentPostprocessing = 0;
		};
		907678151FFB383600DA911F /* Resources */ = {
			isa = PBXResourcesBuildPhase;
			buildActionMask = 2147483647;
			files = (
			);
			runOnlyForDeploymentPostprocessing = 0;
		};
		907678201FFB383600DA911F /* Resources */ = {
			isa = PBXResourcesBuildPhase;
			buildActionMask = 2147483647;
			files = (
			);
			runOnlyForDeploymentPostprocessing = 0;
		};
/* End PBXResourcesBuildPhase section */

/* Begin PBXShellScriptBuildPhase section */
		06944C4F7174348FB98B24CD /* [CP] Check Pods Manifest.lock */ = {
			isa = PBXShellScriptBuildPhase;
			buildActionMask = 2147483647;
			files = (
			);
			inputPaths = (
				"${PODS_PODFILE_DIR_PATH}/Podfile.lock",
				"${PODS_ROOT}/Manifest.lock",
			);
			name = "[CP] Check Pods Manifest.lock";
			outputPaths = (
				"$(DERIVED_FILE_DIR)/Pods-calender-checkManifestLockResult.txt",
			);
			runOnlyForDeploymentPostprocessing = 0;
			shellPath = /bin/sh;
			shellScript = "diff \"${PODS_PODFILE_DIR_PATH}/Podfile.lock\" \"${PODS_ROOT}/Manifest.lock\" > /dev/null\nif [ $? != 0 ] ; then\n    # print error to STDERR\n    echo \"error: The sandbox is not in sync with the Podfile.lock. Run 'pod install' or update your CocoaPods installation.\" >&2\n    exit 1\nfi\n# This output is used by Xcode 'outputs' to avoid re-running this script phase.\necho \"SUCCESS\" > \"${SCRIPT_OUTPUT_FILE_0}\"\n";
			showEnvVarsInLog = 0;
		};
		160B4603B61FB08A7B1FC6F0 /* [CP] Embed Pods Frameworks */ = {
			isa = PBXShellScriptBuildPhase;
			buildActionMask = 2147483647;
			files = (
			);
			inputPaths = (
				"${SRCROOT}/Pods/Target Support Files/Pods-calender/Pods-calender-frameworks.sh",
				"${BUILT_PRODUCTS_DIR}/FSCalendar/FSCalendar.framework",
				"${BUILT_PRODUCTS_DIR}/GTMSessionFetcher/GTMSessionFetcher.framework",
				"${BUILT_PRODUCTS_DIR}/GoogleToolboxForMac/GoogleToolboxForMac.framework",
				"${BUILT_PRODUCTS_DIR}/leveldb-library/leveldb.framework",
				"${BUILT_PRODUCTS_DIR}/nanopb/nanopb.framework",
			);
			name = "[CP] Embed Pods Frameworks";
			outputPaths = (
				"${TARGET_BUILD_DIR}/${FRAMEWORKS_FOLDER_PATH}/FSCalendar.framework",
				"${TARGET_BUILD_DIR}/${FRAMEWORKS_FOLDER_PATH}/GTMSessionFetcher.framework",
				"${TARGET_BUILD_DIR}/${FRAMEWORKS_FOLDER_PATH}/GoogleToolboxForMac.framework",
				"${TARGET_BUILD_DIR}/${FRAMEWORKS_FOLDER_PATH}/leveldb.framework",
				"${TARGET_BUILD_DIR}/${FRAMEWORKS_FOLDER_PATH}/nanopb.framework",
			);
			runOnlyForDeploymentPostprocessing = 0;
			shellPath = /bin/sh;
			shellScript = "\"${SRCROOT}/Pods/Target Support Files/Pods-calender/Pods-calender-frameworks.sh\"\n";
			showEnvVarsInLog = 0;
		};
		AF0606946EA2B3D7456F3C8E /* [CP] Check Pods Manifest.lock */ = {
			isa = PBXShellScriptBuildPhase;
			buildActionMask = 2147483647;
			files = (
			);
			inputPaths = (
				"${PODS_PODFILE_DIR_PATH}/Podfile.lock",
				"${PODS_ROOT}/Manifest.lock",
			);
			name = "[CP] Check Pods Manifest.lock";
			outputPaths = (
				"$(DERIVED_FILE_DIR)/Pods-calenderUITests-checkManifestLockResult.txt",
			);
			runOnlyForDeploymentPostprocessing = 0;
			shellPath = /bin/sh;
			shellScript = "diff \"${PODS_PODFILE_DIR_PATH}/Podfile.lock\" \"${PODS_ROOT}/Manifest.lock\" > /dev/null\nif [ $? != 0 ] ; then\n    # print error to STDERR\n    echo \"error: The sandbox is not in sync with the Podfile.lock. Run 'pod install' or update your CocoaPods installation.\" >&2\n    exit 1\nfi\n# This output is used by Xcode 'outputs' to avoid re-running this script phase.\necho \"SUCCESS\" > \"${SCRIPT_OUTPUT_FILE_0}\"\n";
			showEnvVarsInLog = 0;
		};
		F4E4C24177B71664E3CC49D9 /* [CP] Check Pods Manifest.lock */ = {
			isa = PBXShellScriptBuildPhase;
			buildActionMask = 2147483647;
			files = (
			);
			inputPaths = (
				"${PODS_PODFILE_DIR_PATH}/Podfile.lock",
				"${PODS_ROOT}/Manifest.lock",
			);
			name = "[CP] Check Pods Manifest.lock";
			outputPaths = (
				"$(DERIVED_FILE_DIR)/Pods-calenderTests-checkManifestLockResult.txt",
			);
			runOnlyForDeploymentPostprocessing = 0;
			shellPath = /bin/sh;
			shellScript = "diff \"${PODS_PODFILE_DIR_PATH}/Podfile.lock\" \"${PODS_ROOT}/Manifest.lock\" > /dev/null\nif [ $? != 0 ] ; then\n    # print error to STDERR\n    echo \"error: The sandbox is not in sync with the Podfile.lock. Run 'pod install' or update your CocoaPods installation.\" >&2\n    exit 1\nfi\n# This output is used by Xcode 'outputs' to avoid re-running this script phase.\necho \"SUCCESS\" > \"${SCRIPT_OUTPUT_FILE_0}\"\n";
			showEnvVarsInLog = 0;
		};
/* End PBXShellScriptBuildPhase section */

/* Begin PBXSourcesBuildPhase section */
		907677FF1FFB383600DA911F /* Sources */ = {
			isa = PBXSourcesBuildPhase;
			buildActionMask = 2147483647;
			files = (
				901CDAF81FFBA10A001E5777 /* CalendarTableViewCell.swift in Sources */,
				9008A6091FFCEA4700B135BE /* HeaderTableViewCell.swift in Sources */,
				907678091FFB383600DA911F /* ViewController.swift in Sources */,
				432CED9A21115924004C17D7 /* new file.swift in Sources */,
				901CDAFA1FFBA34D001E5777 /* DateFormatterExtension.swift in Sources */,
				9008A60B1FFCEECB00B135BE /* EventModel.swift in Sources */,
				432CECFC2110090D004C17D7 /* login.swift in Sources */,
				907678071FFB383600DA911F /* AppDelegate.swift in Sources */,
			);
			runOnlyForDeploymentPostprocessing = 0;
		};
		907678131FFB383600DA911F /* Sources */ = {
			isa = PBXSourcesBuildPhase;
			buildActionMask = 2147483647;
			files = (
				9076781C1FFB383600DA911F /* calenderTests.swift in Sources */,
			);
			runOnlyForDeploymentPostprocessing = 0;
		};
		9076781E1FFB383600DA911F /* Sources */ = {
			isa = PBXSourcesBuildPhase;
			buildActionMask = 2147483647;
			files = (
				907678271FFB383600DA911F /* calenderUITests.swift in Sources */,
			);
			runOnlyForDeploymentPostprocessing = 0;
		};
/* End PBXSourcesBuildPhase section */

/* Begin PBXTargetDependency section */
		907678191FFB383600DA911F /* PBXTargetDependency */ = {
			isa = PBXTargetDependency;
			target = 907678021FFB383600DA911F /* calender */;
			targetProxy = 907678181FFB383600DA911F /* PBXContainerItemProxy */;
		};
		907678241FFB383600DA911F /* PBXTargetDependency */ = {
			isa = PBXTargetDependency;
			target = 907678021FFB383600DA911F /* calender */;
			targetProxy = 907678231FFB383600DA911F /* PBXContainerItemProxy */;
		};
/* End PBXTargetDependency section */

/* Begin PBXVariantGroup section */
		9076780A1FFB383600DA911F /* Main.storyboard */ = {
			isa = PBXVariantGroup;
			children = (
				9076780B1FFB383600DA911F /* Base */,
			);
			name = Main.storyboard;
			sourceTree = "<group>";
		};
		9076780F1FFB383600DA911F /* LaunchScreen.storyboard */ = {
			isa = PBXVariantGroup;
			children = (
				907678101FFB383600DA911F /* Base */,
			);
			name = LaunchScreen.storyboard;
			sourceTree = "<group>";
		};
/* End PBXVariantGroup section */

/* Begin XCBuildConfiguration section */
		907678291FFB383600DA911F /* Debug */ = {
			isa = XCBuildConfiguration;
			buildSettings = {
				ALWAYS_SEARCH_USER_PATHS = NO;
				CLANG_ANALYZER_NONNULL = YES;
				CLANG_ANALYZER_NUMBER_OBJECT_CONVERSION = YES_AGGRESSIVE;
				CLANG_CXX_LANGUAGE_STANDARD = "gnu++14";
				CLANG_CXX_LIBRARY = "libc++";
				CLANG_ENABLE_MODULES = YES;
				CLANG_ENABLE_OBJC_ARC = YES;
				CLANG_WARN_BLOCK_CAPTURE_AUTORELEASING = YES;
				CLANG_WARN_BOOL_CONVERSION = YES;
				CLANG_WARN_COMMA = YES;
				CLANG_WARN_CONSTANT_CONVERSION = YES;
				CLANG_WARN_DIRECT_OBJC_ISA_USAGE = YES_ERROR;
				CLANG_WARN_DOCUMENTATION_COMMENTS = YES;
				CLANG_WARN_EMPTY_BODY = YES;
				CLANG_WARN_ENUM_CONVERSION = YES;
				CLANG_WARN_INFINITE_RECURSION = YES;
				CLANG_WARN_INT_CONVERSION = YES;
				CLANG_WARN_NON_LITERAL_NULL_CONVERSION = YES;
				CLANG_WARN_OBJC_LITERAL_CONVERSION = YES;
				CLANG_WARN_OBJC_ROOT_CLASS = YES_ERROR;
				CLANG_WARN_RANGE_LOOP_ANALYSIS = YES;
				CLANG_WARN_STRICT_PROTOTYPES = YES;
				CLANG_WARN_SUSPICIOUS_MOVE = YES;
				CLANG_WARN_UNGUARDED_AVAILABILITY = YES_AGGRESSIVE;
				CLANG_WARN_UNREACHABLE_CODE = YES;
				CLANG_WARN__DUPLICATE_METHOD_MATCH = YES;
				CODE_SIGN_IDENTITY = "iPhone Developer";
				COPY_PHASE_STRIP = NO;
				DEBUG_INFORMATION_FORMAT = dwarf;
				ENABLE_STRICT_OBJC_MSGSEND = YES;
				ENABLE_TESTABILITY = YES;
				GCC_C_LANGUAGE_STANDARD = gnu11;
				GCC_DYNAMIC_NO_PIC = NO;
				GCC_NO_COMMON_BLOCKS = YES;
				GCC_OPTIMIZATION_LEVEL = 0;
				GCC_PREPROCESSOR_DEFINITIONS = (
					"DEBUG=1",
					"$(inherited)",
				);
				GCC_WARN_64_TO_32_BIT_CONVERSION = YES;
				GCC_WARN_ABOUT_RETURN_TYPE = YES_ERROR;
				GCC_WARN_UNDECLARED_SELECTOR = YES;
				GCC_WARN_UNINITIALIZED_AUTOS = YES_AGGRESSIVE;
				GCC_WARN_UNUSED_FUNCTION = YES;
				GCC_WARN_UNUSED_VARIABLE = YES;
				IPHONEOS_DEPLOYMENT_TARGET = 11.2;
				MTL_ENABLE_DEBUG_INFO = YES;
				ONLY_ACTIVE_ARCH = YES;
				SDKROOT = iphoneos;
				SWIFT_ACTIVE_COMPILATION_CONDITIONS = DEBUG;
				SWIFT_OPTIMIZATION_LEVEL = "-Onone";
			};
			name = Debug;
		};
		9076782A1FFB383600DA911F /* Release */ = {
			isa = XCBuildConfiguration;
			buildSettings = {
				ALWAYS_SEARCH_USER_PATHS = NO;
				CLANG_ANALYZER_NONNULL = YES;
				CLANG_ANALYZER_NUMBER_OBJECT_CONVERSION = YES_AGGRESSIVE;
				CLANG_CXX_LANGUAGE_STANDARD = "gnu++14";
				CLANG_CXX_LIBRARY = "libc++";
				CLANG_ENABLE_MODULES = YES;
				CLANG_ENABLE_OBJC_ARC = YES;
				CLANG_WARN_BLOCK_CAPTURE_AUTORELEASING = YES;
				CLANG_WARN_BOOL_CONVERSION = YES;
				CLANG_WARN_COMMA = YES;
				CLANG_WARN_CONSTANT_CONVERSION = YES;
				CLANG_WARN_DIRECT_OBJC_ISA_USAGE = YES_ERROR;
				CLANG_WARN_DOCUMENTATION_COMMENTS = YES;
				CLANG_WARN_EMPTY_BODY = YES;
				CLANG_WARN_ENUM_CONVERSION = YES;
				CLANG_WARN_INFINITE_RECURSION = YES;
				CLANG_WARN_INT_CONVERSION = YES;
				CLANG_WARN_NON_LITERAL_NULL_CONVERSION = YES;
				CLANG_WARN_OBJC_LITERAL_CONVERSION = YES;
				CLANG_WARN_OBJC_ROOT_CLASS = YES_ERROR;
				CLANG_WARN_RANGE_LOOP_ANALYSIS = YES;
				CLANG_WARN_STRICT_PROTOTYPES = YES;
				CLANG_WARN_SUSPICIOUS_MOVE = YES;
				CLANG_WARN_UNGUARDED_AVAILABILITY = YES_AGGRESSIVE;
				CLANG_WARN_UNREACHABLE_CODE = YES;
				CLANG_WARN__DUPLICATE_METHOD_MATCH = YES;
				CODE_SIGN_IDENTITY = "iPhone Developer";
				COPY_PHASE_STRIP = NO;
				DEBUG_INFORMATION_FORMAT = "dwarf-with-dsym";
				ENABLE_NS_ASSERTIONS = NO;
				ENABLE_STRICT_OBJC_MSGSEND = YES;
				GCC_C_LANGUAGE_STANDARD = gnu11;
				GCC_NO_COMMON_BLOCKS = YES;
				GCC_WARN_64_TO_32_BIT_CONVERSION = YES;
				GCC_WARN_ABOUT_RETURN_TYPE = YES_ERROR;
				GCC_WARN_UNDECLARED_SELECTOR = YES;
				GCC_WARN_UNINITIALIZED_AUTOS = YES_AGGRESSIVE;
				GCC_WARN_UNUSED_FUNCTION = YES;
				GCC_WARN_UNUSED_VARIABLE = YES;
				IPHONEOS_DEPLOYMENT_TARGET = 11.2;
				MTL_ENABLE_DEBUG_INFO = NO;
				SDKROOT = iphoneos;
				SWIFT_OPTIMIZATION_LEVEL = "-Owholemodule";
				VALIDATE_PRODUCT = YES;
			};
			name = Release;
		};
		9076782C1FFB383600DA911F /* Debug */ = {
			isa = XCBuildConfiguration;
			baseConfigurationReference = CF702770175E607740F6867E /* Pods-calender.debug.xcconfig */;
			buildSettings = {
				ASSETCATALOG_COMPILER_APPICON_NAME = AppIcon;
				CLANG_ENABLE_MODULES = YES;
				CODE_SIGN_STYLE = Automatic;
				DEVELOPMENT_TEAM = 3H5AKQ5MZL;
				INFOPLIST_FILE = calender/Info.plist;
				LD_RUNPATH_SEARCH_PATHS = "$(inherited) @executable_path/Frameworks";
				PRODUCT_BUNDLE_IDENTIFIER = testForAnnotationView.calender;
				PRODUCT_NAME = "$(TARGET_NAME)";
				SWIFT_OBJC_BRIDGING_HEADER = "calender/calender-Bridging-Header.h";
				SWIFT_OPTIMIZATION_LEVEL = "-Onone";
				SWIFT_VERSION = 4.0;
				TARGETED_DEVICE_FAMILY = "1,2";
			};
			name = Debug;
		};
		9076782D1FFB383600DA911F /* Release */ = {
			isa = XCBuildConfiguration;
			baseConfigurationReference = D43B13C2849EBB75BA0EFF08 /* Pods-calender.release.xcconfig */;
			buildSettings = {
				ASSETCATALOG_COMPILER_APPICON_NAME = AppIcon;
				CLANG_ENABLE_MODULES = YES;
				CODE_SIGN_STYLE = Automatic;
				DEVELOPMENT_TEAM = 3H5AKQ5MZL;
				INFOPLIST_FILE = calender/Info.plist;
				LD_RUNPATH_SEARCH_PATHS = "$(inherited) @executable_path/Frameworks";
				PRODUCT_BUNDLE_IDENTIFIER = testForAnnotationView.calender;
				PRODUCT_NAME = "$(TARGET_NAME)";
				SWIFT_OBJC_BRIDGING_HEADER = "calender/calender-Bridging-Header.h";
				SWIFT_VERSION = 4.0;
				TARGETED_DEVICE_FAMILY = "1,2";
			};
			name = Release;
		};
		9076782F1FFB383600DA911F /* Debug */ = {
			isa = XCBuildConfiguration;
			baseConfigurationReference = 6DC9A05D12F73599D8B6DF31 /* Pods-calenderTests.debug.xcconfig */;
			buildSettings = {
				ALWAYS_EMBED_SWIFT_STANDARD_LIBRARIES = YES;
				BUNDLE_LOADER = "$(TEST_HOST)";
				CODE_SIGN_STYLE = Automatic;
				INFOPLIST_FILE = calenderTests/Info.plist;
				LD_RUNPATH_SEARCH_PATHS = "$(inherited) @executable_path/Frameworks @loader_path/Frameworks";
				PRODUCT_BUNDLE_IDENTIFIER = testForAnnotationView.calenderTests;
				PRODUCT_NAME = "$(TARGET_NAME)";
				SWIFT_VERSION = 4.0;
				TARGETED_DEVICE_FAMILY = "1,2";
				TEST_HOST = "$(BUILT_PRODUCTS_DIR)/calender.app/calender";
			};
			name = Debug;
		};
		907678301FFB383600DA911F /* Release */ = {
			isa = XCBuildConfiguration;
			baseConfigurationReference = 2CA26D2A961ECBBB4A79E7BD /* Pods-calenderTests.release.xcconfig */;
			buildSettings = {
				ALWAYS_EMBED_SWIFT_STANDARD_LIBRARIES = YES;
				BUNDLE_LOADER = "$(TEST_HOST)";
				CODE_SIGN_STYLE = Automatic;
				INFOPLIST_FILE = calenderTests/Info.plist;
				LD_RUNPATH_SEARCH_PATHS = "$(inherited) @executable_path/Frameworks @loader_path/Frameworks";
				PRODUCT_BUNDLE_IDENTIFIER = testForAnnotationView.calenderTests;
				PRODUCT_NAME = "$(TARGET_NAME)";
				SWIFT_VERSION = 4.0;
				TARGETED_DEVICE_FAMILY = "1,2";
				TEST_HOST = "$(BUILT_PRODUCTS_DIR)/calender.app/calender";
			};
			name = Release;
		};
		907678321FFB383600DA911F /* Debug */ = {
			isa = XCBuildConfiguration;
			baseConfigurationReference = E41DA6E82097670653F05EE0 /* Pods-calenderUITests.debug.xcconfig */;
			buildSettings = {
				ALWAYS_EMBED_SWIFT_STANDARD_LIBRARIES = YES;
				CODE_SIGN_STYLE = Automatic;
				INFOPLIST_FILE = calenderUITests/Info.plist;
				LD_RUNPATH_SEARCH_PATHS = "$(inherited) @executable_path/Frameworks @loader_path/Frameworks";
				PRODUCT_BUNDLE_IDENTIFIER = testForAnnotationView.calenderUITests;
				PRODUCT_NAME = "$(TARGET_NAME)";
				SWIFT_VERSION = 4.0;
				TARGETED_DEVICE_FAMILY = "1,2";
				TEST_TARGET_NAME = calender;
			};
			name = Debug;
		};
		907678331FFB383600DA911F /* Release */ = {
			isa = XCBuildConfiguration;
			baseConfigurationReference = 9203A6A8DD24F23108992D44 /* Pods-calenderUITests.release.xcconfig */;
			buildSettings = {
				ALWAYS_EMBED_SWIFT_STANDARD_LIBRARIES = YES;
				CODE_SIGN_STYLE = Automatic;
				INFOPLIST_FILE = calenderUITests/Info.plist;
				LD_RUNPATH_SEARCH_PATHS = "$(inherited) @executable_path/Frameworks @loader_path/Frameworks";
				PRODUCT_BUNDLE_IDENTIFIER = testForAnnotationView.calenderUITests;
				PRODUCT_NAME = "$(TARGET_NAME)";
				SWIFT_VERSION = 4.0;
				TARGETED_DEVICE_FAMILY = "1,2";
				TEST_TARGET_NAME = calender;
			};
			name = Release;
		};
/* End XCBuildConfiguration section */

/* Begin XCConfigurationList section */
		907677FE1FFB383600DA911F /* Build configuration list for PBXProject "calender" */ = {
			isa = XCConfigurationList;
			buildConfigurations = (
				907678291FFB383600DA911F /* Debug */,
				9076782A1FFB383600DA911F /* Release */,
			);
			defaultConfigurationIsVisible = 0;
			defaultConfigurationName = Release;
		};
		9076782B1FFB383600DA911F /* Build configuration list for PBXNativeTarget "calender" */ = {
			isa = XCConfigurationList;
			buildConfigurations = (
				9076782C1FFB383600DA911F /* Debug */,
				9076782D1FFB383600DA911F /* Release */,
			);
			defaultConfigurationIsVisible = 0;
			defaultConfigurationName = Release;
		};
		9076782E1FFB383600DA911F /* Build configuration list for PBXNativeTarget "calenderTests" */ = {
			isa = XCConfigurationList;
			buildConfigurations = (
				9076782F1FFB383600DA911F /* Debug */,
				907678301FFB383600DA911F /* Release */,
			);
			defaultConfigurationIsVisible = 0;
			defaultConfigurationName = Release;
		};
		907678311FFB383600DA911F /* Build configuration list for PBXNativeTarget "calenderUITests" */ = {
			isa = XCConfigurationList;
			buildConfigurations = (
				907678321FFB383600DA911F /* Debug */,
				907678331FFB383600DA911F /* Release */,
			);
			defaultConfigurationIsVisible = 0;
			defaultConfigurationName = Release;
		};
/* End XCConfigurationList section */
	};
	rootObject = 907677FB1FFB383600DA911F /* Project object */;
}
